// !$*UTF8*$!
{
	archiveVersion = 1;
	classes = {
	};
	objectVersion = 46;
	objects = {

/* Begin PBXBuildFile section */
		823221F51E59893F0066F83D /* Bitmap.c in Sources */ = {isa = PBXBuildFile; fileRef = 823221EF1E59893F0066F83D /* Bitmap.c */; };
		823221F61E59893F0066F83D /* OS_FileSystemScheme.c in Sources */ = {isa = PBXBuildFile; fileRef = 823221F11E59893F0066F83D /* OS_FileSystemScheme.c */; };
		823221F91E5989540066F83D /* main.c in Sources */ = {isa = PBXBuildFile; fileRef = 823221F81E5989540066F83D /* main.c */; };
		823222191E5A12DE0066F83D /* Shell.c in Sources */ = {isa = PBXBuildFile; fileRef = 823222171E5A12DE0066F83D /* Shell.c */; };
/* End PBXBuildFile section */

/* Begin PBXCopyFilesBuildPhase section */
		825769671E5932FB00F9FD94 /* CopyFiles */ = {
			isa = PBXCopyFilesBuildPhase;
			buildActionMask = 2147483647;
			dstPath = /usr/share/man/man1/;
			dstSubfolderSpec = 0;
			files = (
			);
			runOnlyForDeploymentPostprocessing = 1;
		};
/* End PBXCopyFilesBuildPhase section */

/* Begin PBXFileReference section */
		823221EF1E59893F0066F83D /* Bitmap.c */ = {isa = PBXFileReference; fileEncoding = 4; lastKnownFileType = sourcecode.c.c; path = Bitmap.c; sourceTree = "<group>"; };
		823221F01E59893F0066F83D /* Bitmap.h */ = {isa = PBXFileReference; fileEncoding = 4; lastKnownFileType = sourcecode.c.h; path = Bitmap.h; sourceTree = "<group>"; };
		823221F11E59893F0066F83D /* OS_FileSystemScheme.c */ = {isa = PBXFileReference; fileEncoding = 4; lastKnownFileType = sourcecode.c.c; path = OS_FileSystemScheme.c; sourceTree = "<group>"; };
		823221F21E59893F0066F83D /* OS_FileSystemScheme.h */ = {isa = PBXFileReference; fileEncoding = 4; lastKnownFileType = sourcecode.c.h; path = OS_FileSystemScheme.h; sourceTree = "<group>"; };
		823221F81E5989540066F83D /* main.c */ = {isa = PBXFileReference; fileEncoding = 4; lastKnownFileType = sourcecode.c.c; path = main.c; sourceTree = "<group>"; };
		823221FA1E598A740066F83D /* venkatlib.h */ = {isa = PBXFileReference; lastKnownFileType = sourcecode.c.h; path = venkatlib.h; sourceTree = "<group>"; };
		823222171E5A12DE0066F83D /* Shell.c */ = {isa = PBXFileReference; fileEncoding = 4; lastKnownFileType = sourcecode.c.c; path = Shell.c; sourceTree = "<group>"; };
		823222181E5A12DE0066F83D /* Shell.h */ = {isa = PBXFileReference; fileEncoding = 4; lastKnownFileType = sourcecode.c.h; path = Shell.h; sourceTree = "<group>"; };
		825769691E5932FB00F9FD94 /* FileSystemTestBench */ = {isa = PBXFileReference; explicitFileType = "compiled.mach-o.executable"; includeInIndex = 0; path = FileSystemTestBench; sourceTree = BUILT_PRODUCTS_DIR; };
/* End PBXFileReference section */

/* Begin PBXFrameworksBuildPhase section */
		825769661E5932FB00F9FD94 /* Frameworks */ = {
			isa = PBXFrameworksBuildPhase;
			buildActionMask = 2147483647;
			files = (
			);
			runOnlyForDeploymentPostprocessing = 0;
		};
/* End PBXFrameworksBuildPhase section */

/* Begin PBXGroup section */
		825769601E5932FB00F9FD94 = {
			isa = PBXGroup;
			children = (
				8257696B1E5932FB00F9FD94 /* FileSystemTestBench */,
				8257696A1E5932FB00F9FD94 /* Products */,
			);
			sourceTree = "<group>";
		};
		8257696A1E5932FB00F9FD94 /* Products */ = {
			isa = PBXGroup;
			children = (
				825769691E5932FB00F9FD94 /* FileSystemTestBench */,
			);
			name = Products;
			sourceTree = "<group>";
		};
		8257696B1E5932FB00F9FD94 /* FileSystemTestBench */ = {
			isa = PBXGroup;
			children = (
				823222171E5A12DE0066F83D /* Shell.c */,
				823222181E5A12DE0066F83D /* Shell.h */,
				823221FA1E598A740066F83D /* venkatlib.h */,
				823221EF1E59893F0066F83D /* Bitmap.c */,
				823221F01E59893F0066F83D /* Bitmap.h */,
				823221F11E59893F0066F83D /* OS_FileSystemScheme.c */,
				823221F21E59893F0066F83D /* OS_FileSystemScheme.h */,
				823221F81E5989540066F83D /* main.c */,
			);
			path = FileSystemTestBench;
			sourceTree = "<group>";
		};
/* End PBXGroup section */

/* Begin PBXNativeTarget section */
		825769681E5932FB00F9FD94 /* FileSystemTestBench */ = {
			isa = PBXNativeTarget;
			buildConfigurationList = 825769701E5932FB00F9FD94 /* Build configuration list for PBXNativeTarget "FileSystemTestBench" */;
			buildPhases = (
				825769651E5932FB00F9FD94 /* Sources */,
				825769661E5932FB00F9FD94 /* Frameworks */,
				825769671E5932FB00F9FD94 /* CopyFiles */,
			);
			buildRules = (
			);
			dependencies = (
			);
			name = FileSystemTestBench;
			productName = FileSystemTestBench;
			productReference = 825769691E5932FB00F9FD94 /* FileSystemTestBench */;
			productType = "com.apple.product-type.tool";
		};
/* End PBXNativeTarget section */

/* Begin PBXProject section */
		825769611E5932FB00F9FD94 /* Project object */ = {
			isa = PBXProject;
			attributes = {
				LastUpgradeCheck = 0820;
				ORGANIZATIONNAME = "Venkat Srinivasan";
				TargetAttributes = {
					825769681E5932FB00F9FD94 = {
						CreatedOnToolsVersion = 8.2.1;
						ProvisioningStyle = Automatic;
					};
				};
			};
			buildConfigurationList = 825769641E5932FB00F9FD94 /* Build configuration list for PBXProject "FileSystemTestBench" */;
			compatibilityVersion = "Xcode 3.2";
			developmentRegion = English;
			hasScannedForEncodings = 0;
			knownRegions = (
				en,
			);
			mainGroup = 825769601E5932FB00F9FD94;
			productRefGroup = 8257696A1E5932FB00F9FD94 /* Products */;
			projectDirPath = "";
			projectRoot = "";
			targets = (
				825769681E5932FB00F9FD94 /* FileSystemTestBench */,
			);
		};
/* End PBXProject section */

/* Begin PBXSourcesBuildPhase section */
		825769651E5932FB00F9FD94 /* Sources */ = {
			isa = PBXSourcesBuildPhase;
			buildActionMask = 2147483647;
			files = (
				823222191E5A12DE0066F83D /* Shell.c in Sources */,
				823221F91E5989540066F83D /* main.c in Sources */,
				823221F51E59893F0066F83D /* Bitmap.c in Sources */,
				823221F61E59893F0066F83D /* OS_FileSystemScheme.c in Sources */,
			);
			runOnlyForDeploymentPostprocessing = 0;
		};
/* End PBXSourcesBuildPhase section */

/* Begin XCBuildConfiguration section */
		8257696E1E5932FB00F9FD94 /* Debug */ = {
			isa = XCBuildConfiguration;
			buildSettings = {
				ALWAYS_SEARCH_USER_PATHS = NO;
				CLANG_ANALYZER_NONNULL = YES;
				CLANG_CXX_LANGUAGE_STANDARD = "gnu++0x";
				CLANG_CXX_LIBRARY = "libc++";
				CLANG_ENABLE_MODULES = YES;
				CLANG_ENABLE_OBJC_ARC = YES;
				CLANG_WARN_BOOL_CONVERSION = YES;
				CLANG_WARN_CONSTANT_CONVERSION = YES;
				CLANG_WARN_DIRECT_OBJC_ISA_USAGE = YES_ERROR;
				CLANG_WARN_DOCUMENTATION_COMMENTS = YES;
				CLANG_WARN_EMPTY_BODY = YES;
				CLANG_WARN_ENUM_CONVERSION = YES;
				CLANG_WARN_INFINITE_RECURSION = YES;
				CLANG_WARN_INT_CONVERSION = YES;
				CLANG_WARN_OBJC_ROOT_CLASS = YES_ERROR;
				CLANG_WARN_SUSPICIOUS_MOVE = YES;
				CLANG_WARN_UNREACHABLE_CODE = YES;
				CLANG_WARN__DUPLICATE_METHOD_MATCH = YES;
				CODE_SIGN_IDENTITY = "-";
				COPY_PHASE_STRIP = NO;
				DEBUG_INFORMATION_FORMAT = dwarf;
				ENABLE_STRICT_OBJC_MSGSEND = YES;
				ENABLE_TESTABILITY = YES;
				GCC_C_LANGUAGE_STANDARD = gnu99;
				GCC_DYNAMIC_NO_PIC = NO;
				GCC_NO_COMMON_BLOCKS = YES;
				GCC_OPTIMIZATION_LEVEL = 0;
				GCC_PREPROCESSOR_DEFINITIONS = (
					"DEBUG=1",
					"$(inherited)",
				);
				GCC_WARN_64_TO_32_BIT_CONVERSION = YES;
				GCC_WARN_ABOUT_RETURN_TYPE = YES_ERROR;
				GCC_WARN_UNDECLARED_SELECTOR = YES;
				GCC_WARN_UNINITIALIZED_AUTOS = YES_AGGRESSIVE;
				GCC_WARN_UNUSED_FUNCTION = YES;
				GCC_WARN_UNUSED_VARIABLE = YES;
				MACOSX_DEPLOYMENT_TARGET = 10.11;
				MTL_ENABLE_DEBUG_INFO = YES;
				ONLY_ACTIVE_ARCH = YES;
				SDKROOT = macosx;
			};
			name = Debug;
		};
		8257696F1E5932FB00F9FD94 /* Release */ = {
			isa = XCBuildConfiguration;
			buildSettings = {
				ALWAYS_SEARCH_USER_PATHS = NO;
				CLANG_ANALYZER_NONNULL = YES;
				CLANG_CXX_LANGUAGE_STANDARD = "gnu++0x";
				CLANG_CXX_LIBRARY = "libc++";
				CLANG_ENABLE_MODULES = YES;
				CLANG_ENABLE_OBJC_ARC = YES;
				CLANG_WARN_BOOL_CONVERSION = YES;
				CLANG_WARN_CONSTANT_CONVERSION = YES;
				CLANG_WARN_DIRECT_OBJC_ISA_USAGE = YES_ERROR;
				CLANG_WARN_DOCUMENTATION_COMMENTS = YES;
				CLANG_WARN_EMPTY_BODY = YES;
				CLANG_WARN_ENUM_CONVERSION = YES;
				CLANG_WARN_INFINITE_RECURSION = YES;
				CLANG_WARN_INT_CONVERSION = YES;
				CLANG_WARN_OBJC_ROOT_CLASS = YES_ERROR;
				CLANG_WARN_SUSPICIOUS_MOVE = YES;
				CLANG_WARN_UNREACHABLE_CODE = YES;
				CLANG_WARN__DUPLICATE_METHOD_MATCH = YES;
				CODE_SIGN_IDENTITY = "-";
				COPY_PHASE_STRIP = NO;
				DEBUG_INFORMATION_FORMAT = "dwarf-with-dsym";
				ENABLE_NS_ASSERTIONS = NO;
				ENABLE_STRICT_OBJC_MSGSEND = YES;
				GCC_C_LANGUAGE_STANDARD = gnu99;
				GCC_NO_COMMON_BLOCKS = YES;
				GCC_WARN_64_TO_32_BIT_CONVERSION = YES;
				GCC_WARN_ABOUT_RETURN_TYPE = YES_ERROR;
				GCC_WARN_UNDECLARED_SELECTOR = YES;
				GCC_WARN_UNINITIALIZED_AUTOS = YES_AGGRESSIVE;
				GCC_WARN_UNUSED_FUNCTION = YES;
				GCC_WARN_UNUSED_VARIABLE = YES;
				MACOSX_DEPLOYMENT_TARGET = 10.11;
				MTL_ENABLE_DEBUG_INFO = NO;
				SDKROOT = macosx;
			};
			name = Release;
		};
		825769711E5932FB00F9FD94 /* Debug */ = {
			isa = XCBuildConfiguration;
			buildSettings = {
				PRODUCT_NAME = "$(TARGET_NAME)";
			};
			name = Debug;
		};
		825769721E5932FB00F9FD94 /* Release */ = {
			isa = XCBuildConfiguration;
			buildSettings = {
				PRODUCT_NAME = "$(TARGET_NAME)";
			};
			name = Release;
		};
/* End XCBuildConfiguration section */

/* Begin XCConfigurationList section */
		825769641E5932FB00F9FD94 /* Build configuration list for PBXProject "FileSystemTestBench" */ = {
			isa = XCConfigurationList;
			buildConfigurations = (
				8257696E1E5932FB00F9FD94 /* Debug */,
				8257696F1E5932FB00F9FD94 /* Release */,
			);
			defaultConfigurationIsVisible = 0;
			defaultConfigurationName = Release;
		};
		825769701E5932FB00F9FD94 /* Build configuration list for PBXNativeTarget "FileSystemTestBench" */ = {
			isa = XCConfigurationList;
			buildConfigurations = (
				825769711E5932FB00F9FD94 /* Debug */,
				825769721E5932FB00F9FD94 /* Release */,
			);
			defaultConfigurationIsVisible = 0;
			defaultConfigurationName = Release;
		};
/* End XCConfigurationList section */
	};
	rootObject = 825769611E5932FB00F9FD94 /* Project object */;
}
